
Microsoft Visual Studio Solution File, Format Version 12.00
# Visual Studio Version 17
VisualStudioVersion = 17.7.34202.233
MinimumVisualStudioVersion = 10.0.40219.1
Project("{9A19103F-16F7-4668-BE54-9A1E7A4F7556}") = "MedicationAPI", "MedicineAPI\MedicationAPI.csproj", "{27D2689F-D57B-4939-8C45-852BE5A5A73B}"
EndProject
Project("{9A19103F-16F7-4668-BE54-9A1E7A4F7556}") = "MedicationAPI_DAL.Tests", "MedicationAPI.Test\MedicationAPI_DAL.Tests.csproj", "{10639753-8D15-49B1-94B7-1C60217CE0AA}"
EndProject
Project("{FAE04EC0-301F-11D3-BF4B-00C04F79EFBC}") = "MedicationAPI_DAL", "MedicationAPI_DAL\MedicationAPI_DAL.csproj", "{EF3D830F-1AE1-4E56-A93A-D8D79B81F4F4}"
EndProject
Project("{FAE04EC0-301F-11D3-BF4B-00C04F79EFBC}") = "MedicationAPI_BAL", "MedicationAPI_BAL\MedicationAPI_BAL.csproj", "{92E52C00-384C-445E-BA56-B710355B694A}"
EndProject
Global
	GlobalSection(SolutionConfigurationPlatforms) = preSolution
		Debug|Any CPU = Debug|Any CPU
		Release|Any CPU = Release|Any CPU
	EndGlobalSection
	GlobalSection(ProjectConfigurationPlatforms) = postSolution
		{27D2689F-D57B-4939-8C45-852BE5A5A73B}.Debug|Any CPU.ActiveCfg = Debug|Any CPU
		{27D2689F-D57B-4939-8C45-852BE5A5A73B}.Debug|Any CPU.Build.0 = Debug|Any CPU
		{27D2689F-D57B-4939-8C45-852BE5A5A73B}.Release|Any CPU.ActiveCfg = Release|Any CPU
		{27D2689F-D57B-4939-8C45-852BE5A5A73B}.Release|Any CPU.Build.0 = Release|Any CPU
		{10639753-8D15-49B1-94B7-1C60217CE0AA}.Debug|Any CPU.ActiveCfg = Debug|Any CPU
		{10639753-8D15-49B1-94B7-1C60217CE0AA}.Debug|Any CPU.Build.0 = Debug|Any CPU
		{10639753-8D15-49B1-94B7-1C60217CE0AA}.Release|Any CPU.ActiveCfg = Release|Any CPU
		{10639753-8D15-49B1-94B7-1C60217CE0AA}.Release|Any CPU.Build.0 = Release|Any CPU
		{EF3D830F-1AE1-4E56-A93A-D8D79B81F4F4}.Debug|Any CPU.ActiveCfg = Debug|Any CPU
		{EF3D830F-1AE1-4E56-A93A-D8D79B81F4F4}.Debug|Any CPU.Build.0 = Debug|Any CPU
		{EF3D830F-1AE1-4E56-A93A-D8D79B81F4F4}.Release|Any CPU.ActiveCfg = Release|Any CPU
		{EF3D830F-1AE1-4E56-A93A-D8D79B81F4F4}.Release|Any CPU.Build.0 = Release|Any CPU
		{92E52C00-384C-445E-BA56-B710355B694A}.Debug|Any CPU.ActiveCfg = Debug|Any CPU
		{92E52C00-384C-445E-BA56-B710355B694A}.Debug|Any CPU.Build.0 = Debug|Any CPU
		{92E52C00-384C-445E-BA56-B710355B694A}.Release|Any CPU.ActiveCfg = Release|Any CPU
		{92E52C00-384C-445E-BA56-B710355B694A}.Release|Any CPU.Build.0 = Release|Any CPU
	EndGlobalSection
	GlobalSection(SolutionProperties) = preSolution
		HideSolutionNode = FALSE
	EndGlobalSection
	GlobalSection(ExtensibilityGlobals) = postSolution
		SolutionGuid = {0F52EFED-2D3F-4E31-B331-8B9FCEFD9A48}
	EndGlobalSection
EndGlobal
